
Microsoft Visual Studio Solution File, Format Version 12.00
# Visual Studio 14
VisualStudioVersion = 14.0.24720.0
MinimumVisualStudioVersion = 10.0.40219.1
Project("{FAE04EC0-301F-11D3-BF4B-00C04F79EFBC}") = "SharpReport.Reporting", "SharpReport.Reporting\SharpReport.Reporting.csproj", "{D5A0821E-ACEF-4DFC-842E-149F1C311360}"
EndProject
Project("{FAE04EC0-301F-11D3-BF4B-00C04F79EFBC}") = "SharpReport.TestConsole", "SharpReport.TestConsole\SharpReport.TestConsole.csproj", "{EA6AED02-48F0-43C7-A667-C60FADA4623A}"
EndProject
Project("{FAE04EC0-301F-11D3-BF4B-00C04F79EFBC}") = "SharpReport.WebApi", "SharpReport.WebApi\SharpReport.WebApi.csproj", "{2E82FA01-15D2-4436-B941-08348E2FD9EC}"
EndProject
Global
	GlobalSection(SolutionConfigurationPlatforms) = preSolution
		Debug|Any CPU = Debug|Any CPU
		Release|Any CPU = Release|Any CPU
	EndGlobalSection
	GlobalSection(ProjectConfigurationPlatforms) = postSolution
		{D5A0821E-ACEF-4DFC-842E-149F1C311360}.Debug|Any CPU.ActiveCfg = Debug|Any CPU
		{D5A0821E-ACEF-4DFC-842E-149F1C311360}.Debug|Any CPU.Build.0 = Debug|Any CPU
		{D5A0821E-ACEF-4DFC-842E-149F1C311360}.Release|Any CPU.ActiveCfg = Release|Any CPU
		{D5A0821E-ACEF-4DFC-842E-149F1C311360}.Release|Any CPU.Build.0 = Release|Any CPU
		{EA6AED02-48F0-43C7-A667-C60FADA4623A}.Debug|Any CPU.ActiveCfg = Debug|Any CPU
		{EA6AED02-48F0-43C7-A667-C60FADA4623A}.Debug|Any CPU.Build.0 = Debug|Any CPU
		{EA6AED02-48F0-43C7-A667-C60FADA4623A}.Release|Any CPU.ActiveCfg = Release|Any CPU
		{EA6AED02-48F0-43C7-A667-C60FADA4623A}.Release|Any CPU.Build.0 = Release|Any CPU
		{2E82FA01-15D2-4436-B941-08348E2FD9EC}.Debug|Any CPU.ActiveCfg = Debug|Any CPU
		{2E82FA01-15D2-4436-B941-08348E2FD9EC}.Debug|Any CPU.Build.0 = Debug|Any CPU
		{2E82FA01-15D2-4436-B941-08348E2FD9EC}.Release|Any CPU.ActiveCfg = Release|Any CPU
		{2E82FA01-15D2-4436-B941-08348E2FD9EC}.Release|Any CPU.Build.0 = Release|Any CPU
	EndGlobalSection
	GlobalSection(SolutionProperties) = preSolution
		HideSolutionNode = FALSE
	EndGlobalSection
EndGlobal
